
Microsoft Visual Studio Solution File, Format Version 12.00
# Visual Studio 14
VisualStudioVersion = 14.0.24720.0
MinimumVisualStudioVersion = 10.0.40219.1
Project("{FAE04EC0-301F-11D3-BF4B-00C04F79EFBC}") = "PracticeWithDelegatesAndThreads", "PracticeWithDelegatesAndThreads\PracticeWithDelegatesAndThreads.csproj", "{22328A62-D5F3-4156-9A01-C57B08BCC122}"
EndProject
Project("{FAE04EC0-301F-11D3-BF4B-00C04F79EFBC}") = "ThreadPoolDemo", "ThreadPoolDemo\ThreadPoolDemo.csproj", "{F35FC03C-4025-4506-930F-2AC4D55F01BD}"
EndProject
Project("{FAE04EC0-301F-11D3-BF4B-00C04F79EFBC}") = "Matcher", "Matcher\Matcher.csproj", "{CCD89106-8435-404D-8791-192B692DACF8}"
EndProject
Project("{FAE04EC0-301F-11D3-BF4B-00C04F79EFBC}") = "Multithreading", "Multithreading\Multithreading.csproj", "{D08F7D46-5C59-4A32-957D-C30F816A4FCE}"
EndProject
Project("{FAE04EC0-301F-11D3-BF4B-00C04F79EFBC}") = "Persons", "Persons\Persons.csproj", "{9DBDFB7F-9F9D-44F5-BA9D-336AEF99C8AF}"
EndProject
Global
	GlobalSection(SolutionConfigurationPlatforms) = preSolution
		Debug|Any CPU = Debug|Any CPU
		Release|Any CPU = Release|Any CPU
	EndGlobalSection
	GlobalSection(ProjectConfigurationPlatforms) = postSolution
		{22328A62-D5F3-4156-9A01-C57B08BCC122}.Debug|Any CPU.ActiveCfg = Debug|Any CPU
		{22328A62-D5F3-4156-9A01-C57B08BCC122}.Debug|Any CPU.Build.0 = Debug|Any CPU
		{22328A62-D5F3-4156-9A01-C57B08BCC122}.Release|Any CPU.ActiveCfg = Release|Any CPU
		{22328A62-D5F3-4156-9A01-C57B08BCC122}.Release|Any CPU.Build.0 = Release|Any CPU
		{F35FC03C-4025-4506-930F-2AC4D55F01BD}.Debug|Any CPU.ActiveCfg = Debug|Any CPU
		{F35FC03C-4025-4506-930F-2AC4D55F01BD}.Debug|Any CPU.Build.0 = Debug|Any CPU
		{F35FC03C-4025-4506-930F-2AC4D55F01BD}.Release|Any CPU.ActiveCfg = Release|Any CPU
		{F35FC03C-4025-4506-930F-2AC4D55F01BD}.Release|Any CPU.Build.0 = Release|Any CPU
		{CCD89106-8435-404D-8791-192B692DACF8}.Debug|Any CPU.ActiveCfg = Debug|Any CPU
		{CCD89106-8435-404D-8791-192B692DACF8}.Debug|Any CPU.Build.0 = Debug|Any CPU
		{CCD89106-8435-404D-8791-192B692DACF8}.Release|Any CPU.ActiveCfg = Release|Any CPU
		{CCD89106-8435-404D-8791-192B692DACF8}.Release|Any CPU.Build.0 = Release|Any CPU
		{D08F7D46-5C59-4A32-957D-C30F816A4FCE}.Debug|Any CPU.ActiveCfg = Debug|Any CPU
		{D08F7D46-5C59-4A32-957D-C30F816A4FCE}.Debug|Any CPU.Build.0 = Debug|Any CPU
		{D08F7D46-5C59-4A32-957D-C30F816A4FCE}.Release|Any CPU.ActiveCfg = Release|Any CPU
		{D08F7D46-5C59-4A32-957D-C30F816A4FCE}.Release|Any CPU.Build.0 = Release|Any CPU
		{9DBDFB7F-9F9D-44F5-BA9D-336AEF99C8AF}.Debug|Any CPU.ActiveCfg = Debug|Any CPU
		{9DBDFB7F-9F9D-44F5-BA9D-336AEF99C8AF}.Debug|Any CPU.Build.0 = Debug|Any CPU
		{9DBDFB7F-9F9D-44F5-BA9D-336AEF99C8AF}.Release|Any CPU.ActiveCfg = Release|Any CPU
		{9DBDFB7F-9F9D-44F5-BA9D-336AEF99C8AF}.Release|Any CPU.Build.0 = Release|Any CPU
	EndGlobalSection
	GlobalSection(SolutionProperties) = preSolution
		HideSolutionNode = FALSE
	EndGlobalSection
EndGlobal
